
Microsoft Visual Studio Solution File, Format Version 12.00
# Visual Studio Version 17
VisualStudioVersion = 17.2.32630.192
MinimumVisualStudioVersion = 10.0.40219.1
Project("{FAE04EC0-301F-11D3-BF4B-00C04F79EFBC}") = "KnowledgeHubPortal.Web", "KnowledgeHubPortal.Web\KnowledgeHubPortal.Web.csproj", "{B65AC7F6-A471-4FC7-AD2C-A96C882BA7EC}"
EndProject
Global
	GlobalSection(SolutionConfigurationPlatforms) = preSolution
		Debug|Any CPU = Debug|Any CPU
		Release|Any CPU = Release|Any CPU
	EndGlobalSection
	GlobalSection(ProjectConfigurationPlatforms) = postSolution
		{B65AC7F6-A471-4FC7-AD2C-A96C882BA7EC}.Debug|Any CPU.ActiveCfg = Debug|Any CPU
		{B65AC7F6-A471-4FC7-AD2C-A96C882BA7EC}.Debug|Any CPU.Build.0 = Debug|Any CPU
		{B65AC7F6-A471-4FC7-AD2C-A96C882BA7EC}.Release|Any CPU.ActiveCfg = Release|Any CPU
		{B65AC7F6-A471-4FC7-AD2C-A96C882BA7EC}.Release|Any CPU.Build.0 = Release|Any CPU
	EndGlobalSection
	GlobalSection(SolutionProperties) = preSolution
		HideSolutionNode = FALSE
	EndGlobalSection
	GlobalSection(ExtensibilityGlobals) = postSolution
		SolutionGuid = {6865ACBC-5ED3-41D6-9F0D-3CFF1F3996F7}
	EndGlobalSection
EndGlobal
